
Microsoft Visual Studio Solution File, Format Version 12.00
# Visual Studio Version 16
VisualStudioVersion = 16.0.29009.5
MinimumVisualStudioVersion = 10.0.40219.1
Project("{2150E333-8FDC-42A3-9474-1A3956D46DE8}") = "tests", "tests", "{FCFAE99C-C28A-44B7-A7BE-F9D5481C35B9}"
EndProject
Project("{FAE04EC0-301F-11D3-BF4B-00C04F79EFBC}") = "Booma.Proxy.Packets.Tests", "tests\Booma.Proxy.Packets.Tests\Booma.Proxy.Packets.Tests.csproj", "{D72A23D9-AC32-4D35-86AE-5ACD3F716CC7}"
EndProject
Project("{FAE04EC0-301F-11D3-BF4B-00C04F79EFBC}") = "Booma.Proxy.General.Tests", "tests\Booma.Proxy.General.Tests\Booma.Proxy.General.Tests.csproj", "{0E27C5B2-AC51-4244-83A0-69B47A1FB9DA}"
EndProject
Project("{2150E333-8FDC-42A3-9474-1A3956D46DE8}") = "src", "src", "{70D8B747-8114-4649-9520-B86A8736DA02}"
EndProject
Project("{2150E333-8FDC-42A3-9474-1A3956D46DE8}") = "tools", "tools", "{E46E7C41-F69D-4535-A047-41E8016540CA}"
EndProject
Project("{9A19103F-16F7-4668-BE54-9A1E7A4F7556}") = "Booma.API.Common", "src\Booma.API.Common\Booma.API.Common.csproj", "{EC055EF4-A271-4EA0-8510-B97934ECC807}"
EndProject
Project("{9A19103F-16F7-4668-BE54-9A1E7A4F7556}") = "Booma.Crypto.Common", "src\Booma.Crypto.Common\Booma.Crypto.Common.csproj", "{AA551FA0-0C99-4561-8F9D-6B494589F37E}"
EndProject
Project("{9A19103F-16F7-4668-BE54-9A1E7A4F7556}") = "Booma.Packet.Common", "src\Booma.Packet.Common\Booma.Packet.Common.csproj", "{EE9FD7CD-74C5-4D4E-9C63-94DD3B5676A9}"
EndProject
Project("{9A19103F-16F7-4668-BE54-9A1E7A4F7556}") = "Booma.Packet.Game", "src\Booma.Packet.Game\Booma.Packet.Game.csproj", "{A5F46B13-0636-4B98-B50C-DD9262AAC534}"
EndProject
Project("{9A19103F-16F7-4668-BE54-9A1E7A4F7556}") = "Booma.Packet.Patch", "src\Booma.Packet.Patch\Booma.Packet.Patch.csproj", "{F4E5CC4F-30C6-43E8-81C1-068157E1C6EC}"
EndProject
Global
	GlobalSection(SolutionConfigurationPlatforms) = preSolution
		Debug|Any CPU = Debug|Any CPU
		Release|Any CPU = Release|Any CPU
	EndGlobalSection
	GlobalSection(ProjectConfigurationPlatforms) = postSolution
		{D72A23D9-AC32-4D35-86AE-5ACD3F716CC7}.Debug|Any CPU.ActiveCfg = Debug|Any CPU
		{D72A23D9-AC32-4D35-86AE-5ACD3F716CC7}.Debug|Any CPU.Build.0 = Debug|Any CPU
		{D72A23D9-AC32-4D35-86AE-5ACD3F716CC7}.Release|Any CPU.ActiveCfg = Release|Any CPU
		{D72A23D9-AC32-4D35-86AE-5ACD3F716CC7}.Release|Any CPU.Build.0 = Release|Any CPU
		{0E27C5B2-AC51-4244-83A0-69B47A1FB9DA}.Debug|Any CPU.ActiveCfg = Debug|Any CPU
		{0E27C5B2-AC51-4244-83A0-69B47A1FB9DA}.Debug|Any CPU.Build.0 = Debug|Any CPU
		{0E27C5B2-AC51-4244-83A0-69B47A1FB9DA}.Release|Any CPU.ActiveCfg = Release|Any CPU
		{0E27C5B2-AC51-4244-83A0-69B47A1FB9DA}.Release|Any CPU.Build.0 = Release|Any CPU
		{EC055EF4-A271-4EA0-8510-B97934ECC807}.Debug|Any CPU.ActiveCfg = Debug|Any CPU
		{EC055EF4-A271-4EA0-8510-B97934ECC807}.Debug|Any CPU.Build.0 = Debug|Any CPU
		{EC055EF4-A271-4EA0-8510-B97934ECC807}.Release|Any CPU.ActiveCfg = Release|Any CPU
		{EC055EF4-A271-4EA0-8510-B97934ECC807}.Release|Any CPU.Build.0 = Release|Any CPU
		{AA551FA0-0C99-4561-8F9D-6B494589F37E}.Debug|Any CPU.ActiveCfg = Debug|Any CPU
		{AA551FA0-0C99-4561-8F9D-6B494589F37E}.Debug|Any CPU.Build.0 = Debug|Any CPU
		{AA551FA0-0C99-4561-8F9D-6B494589F37E}.Release|Any CPU.ActiveCfg = Release|Any CPU
		{AA551FA0-0C99-4561-8F9D-6B494589F37E}.Release|Any CPU.Build.0 = Release|Any CPU
		{EE9FD7CD-74C5-4D4E-9C63-94DD3B5676A9}.Debug|Any CPU.ActiveCfg = Debug|Any CPU
		{EE9FD7CD-74C5-4D4E-9C63-94DD3B5676A9}.Debug|Any CPU.Build.0 = Debug|Any CPU
		{EE9FD7CD-74C5-4D4E-9C63-94DD3B5676A9}.Release|Any CPU.ActiveCfg = Release|Any CPU
		{EE9FD7CD-74C5-4D4E-9C63-94DD3B5676A9}.Release|Any CPU.Build.0 = Release|Any CPU
		{A5F46B13-0636-4B98-B50C-DD9262AAC534}.Debug|Any CPU.ActiveCfg = Debug|Any CPU
		{A5F46B13-0636-4B98-B50C-DD9262AAC534}.Debug|Any CPU.Build.0 = Debug|Any CPU
		{A5F46B13-0636-4B98-B50C-DD9262AAC534}.Release|Any CPU.ActiveCfg = Release|Any CPU
		{A5F46B13-0636-4B98-B50C-DD9262AAC534}.Release|Any CPU.Build.0 = Release|Any CPU
		{F4E5CC4F-30C6-43E8-81C1-068157E1C6EC}.Debug|Any CPU.ActiveCfg = Debug|Any CPU
		{F4E5CC4F-30C6-43E8-81C1-068157E1C6EC}.Debug|Any CPU.Build.0 = Debug|Any CPU
		{F4E5CC4F-30C6-43E8-81C1-068157E1C6EC}.Release|Any CPU.ActiveCfg = Release|Any CPU
		{F4E5CC4F-30C6-43E8-81C1-068157E1C6EC}.Release|Any CPU.Build.0 = Release|Any CPU
	EndGlobalSection
	GlobalSection(SolutionProperties) = preSolution
		HideSolutionNode = FALSE
	EndGlobalSection
	GlobalSection(NestedProjects) = preSolution
		{D72A23D9-AC32-4D35-86AE-5ACD3F716CC7} = {FCFAE99C-C28A-44B7-A7BE-F9D5481C35B9}
		{0E27C5B2-AC51-4244-83A0-69B47A1FB9DA} = {FCFAE99C-C28A-44B7-A7BE-F9D5481C35B9}
		{EC055EF4-A271-4EA0-8510-B97934ECC807} = {70D8B747-8114-4649-9520-B86A8736DA02}
		{AA551FA0-0C99-4561-8F9D-6B494589F37E} = {70D8B747-8114-4649-9520-B86A8736DA02}
		{EE9FD7CD-74C5-4D4E-9C63-94DD3B5676A9} = {70D8B747-8114-4649-9520-B86A8736DA02}
		{A5F46B13-0636-4B98-B50C-DD9262AAC534} = {70D8B747-8114-4649-9520-B86A8736DA02}
		{F4E5CC4F-30C6-43E8-81C1-068157E1C6EC} = {70D8B747-8114-4649-9520-B86A8736DA02}
	EndGlobalSection
	GlobalSection(ExtensibilityGlobals) = postSolution
		SolutionGuid = {886DD3D7-35E3-42F0-8CE9-74FB5AD7BBD0}
	EndGlobalSection
EndGlobal
