
Microsoft Visual Studio Solution File, Format Version 12.00
# Visual Studio 15
VisualStudioVersion = 15.0.26730.8
MinimumVisualStudioVersion = 10.0.40219.1
Project("{2150E333-8FDC-42A3-9474-1A3956D46DE8}") = "src", "src", "{82223BC2-FD46-45B7-8714-A1BBB6FACC0E}"
EndProject
Project("{2150E333-8FDC-42A3-9474-1A3956D46DE8}") = "tests", "tests", "{FCFAE99C-C28A-44B7-A7BE-F9D5481C35B9}"
EndProject
Project("{2150E333-8FDC-42A3-9474-1A3956D46DE8}") = "perf", "perf", "{14188958-36DF-48D2-91CC-8E18FBDB94AF}"
EndProject
Global
	GlobalSection(SolutionProperties) = preSolution
		HideSolutionNode = FALSE
	EndGlobalSection
	GlobalSection(NestedProjects) = preSolution
		{14188958-36DF-48D2-91CC-8E18FBDB94AF} = {FCFAE99C-C28A-44B7-A7BE-F9D5481C35B9}
	EndGlobalSection
	GlobalSection(ExtensibilityGlobals) = postSolution
		SolutionGuid = {886DD3D7-35E3-42F0-8CE9-74FB5AD7BBD0}
	EndGlobalSection
EndGlobal
