
Microsoft Visual Studio Solution File, Format Version 12.00
# Visual Studio Version 16
VisualStudioVersion = 16.0.29009.5
MinimumVisualStudioVersion = 10.0.40219.1
Project("{2150E333-8FDC-42A3-9474-1A3956D46DE8}") = "src", "src", "{82223BC2-FD46-45B7-8714-A1BBB6FACC0E}"
EndProject
Project("{2150E333-8FDC-42A3-9474-1A3956D46DE8}") = "tests", "tests", "{FCFAE99C-C28A-44B7-A7BE-F9D5481C35B9}"
EndProject
Project("{FAE04EC0-301F-11D3-BF4B-00C04F79EFBC}") = "Booma.Proxy.Packets.Tests", "tests\Booma.Proxy.Packets.Tests\Booma.Proxy.Packets.Tests.csproj", "{D72A23D9-AC32-4D35-86AE-5ACD3F716CC7}"
EndProject
Project("{FAE04EC0-301F-11D3-BF4B-00C04F79EFBC}") = "Booma.Proxy.TestClient", "tests\Booma.Proxy.TestClient\Booma.Proxy.TestClient.csproj", "{091367E6-43AD-4274-B534-85B2970B750E}"
EndProject
Project("{9A19103F-16F7-4668-BE54-9A1E7A4F7556}") = "Booma.Proxy.Packets.DocumentationGenerator", "tests\Booma.Proxy.Packets.DocumentationGenerator\Booma.Proxy.Packets.DocumentationGenerator.csproj", "{8CB555EA-7E70-48DD-801B-20AE572FE748}"
EndProject
Project("{2150E333-8FDC-42A3-9474-1A3956D46DE8}") = "Packets", "Packets", "{5E108D10-E251-4C15-A6CC-BBB2F1EE3C8C}"
EndProject
Project("{2150E333-8FDC-42A3-9474-1A3956D46DE8}") = "Client", "Client", "{EDF62AD7-A96C-41A5-89E7-F70794758175}"
EndProject
Project("{2150E333-8FDC-42A3-9474-1A3956D46DE8}") = "Tools", "Tools", "{9F687B11-0BD1-45EF-9E1C-40D0B5CBC52F}"
EndProject
Project("{2150E333-8FDC-42A3-9474-1A3956D46DE8}") = "Format", "Format", "{9CEE8B27-3209-4F5A-BCEF-9E05D97C9AF0}"
EndProject
Project("{9A19103F-16F7-4668-BE54-9A1E7A4F7556}") = "Booma.Proxy.Format.MapDat", "src\Booma.Proxy.Format.MapDat\Booma.Proxy.Format.MapDat.csproj", "{EBF2C142-042C-45A2-9358-1CFC3CB12668}"
EndProject
Project("{9A19103F-16F7-4668-BE54-9A1E7A4F7556}") = "Qedit.Convert.Enum", "src\Tools\Qedit.Convert.Enum\Qedit.Convert.Enum.csproj", "{ED0E279C-93CD-4414-9C1B-60926F75BE76}"
EndProject
Project("{9A19103F-16F7-4668-BE54-9A1E7A4F7556}") = "Booma.Proxy.Format.MapDat.Dumper", "src\Tools\Booma.Proxy.Format.MapDat.Dumper\Booma.Proxy.Format.MapDat.Dumper.csproj", "{3D7F46EA-9425-4819-96B6-619B0B9C808C}"
EndProject
Project("{9A19103F-16F7-4668-BE54-9A1E7A4F7556}") = "Booma.Proxy.Format.MapNRel.Dumper", "src\Tools\Booma.Proxy.Format.MapNRel.Dumper\Booma.Proxy.Format.MapNRel.Dumper.csproj", "{8F551CC8-5E8A-48F7-A52D-BF90C83DE148}"
EndProject
Project("{9A19103F-16F7-4668-BE54-9A1E7A4F7556}") = "Booma.Proxy.Proxy", "src\Tools\Booma.Proxy.Proxy\Booma.Proxy.Proxy.csproj", "{D29A9395-BDFB-4E6F-B893-5E8386F04B44}"
EndProject
Project("{FAE04EC0-301F-11D3-BF4B-00C04F79EFBC}") = "Booma.Proxy.General.Tests", "tests\Booma.Proxy.General.Tests\Booma.Proxy.General.Tests.csproj", "{0E27C5B2-AC51-4244-83A0-69B47A1FB9DA}"
EndProject
Project("{FAE04EC0-301F-11D3-BF4B-00C04F79EFBC}") = "Booma.API.Common", "src\Booma.API.Common\Booma.API.Common.csproj", "{5A92CA37-FE74-467F-88C1-757AA6F5BAFB}"
EndProject
Project("{FAE04EC0-301F-11D3-BF4B-00C04F79EFBC}") = "Booma.Crypto.Common", "src\Booma.Crypto.Common\Booma.Crypto.Common.csproj", "{EF81EED8-D499-4166-B9BE-DE597463AEB1}"
EndProject
Project("{FAE04EC0-301F-11D3-BF4B-00C04F79EFBC}") = "Booma.Packet.Common", "src\Booma.Packet.Common\Booma.Packet.Common.csproj", "{1341C0C5-C1D1-46F6-8CF6-001F5D47D126}"
EndProject
Project("{FAE04EC0-301F-11D3-BF4B-00C04F79EFBC}") = "Booma.Packet.Patch", "src\Booma.Packet.Patch\Booma.Packet.Patch.csproj", "{650B8221-FAD2-4DAC-A503-BD8F3E62F664}"
EndProject
Project("{FAE04EC0-301F-11D3-BF4B-00C04F79EFBC}") = "Booma.Packet.Game", "src\Booma.Packet.Game\Booma.Packet.Game.csproj", "{0E8B2C00-C2B6-4A98-B695-425ACDF09D02}"
EndProject
Global
	GlobalSection(SolutionConfigurationPlatforms) = preSolution
		Debug|Any CPU = Debug|Any CPU
		Release|Any CPU = Release|Any CPU
	EndGlobalSection
	GlobalSection(ProjectConfigurationPlatforms) = postSolution
		{D72A23D9-AC32-4D35-86AE-5ACD3F716CC7}.Debug|Any CPU.ActiveCfg = Debug|Any CPU
		{D72A23D9-AC32-4D35-86AE-5ACD3F716CC7}.Debug|Any CPU.Build.0 = Debug|Any CPU
		{D72A23D9-AC32-4D35-86AE-5ACD3F716CC7}.Release|Any CPU.ActiveCfg = Release|Any CPU
		{D72A23D9-AC32-4D35-86AE-5ACD3F716CC7}.Release|Any CPU.Build.0 = Release|Any CPU
		{091367E6-43AD-4274-B534-85B2970B750E}.Debug|Any CPU.ActiveCfg = Debug|Any CPU
		{091367E6-43AD-4274-B534-85B2970B750E}.Debug|Any CPU.Build.0 = Debug|Any CPU
		{091367E6-43AD-4274-B534-85B2970B750E}.Release|Any CPU.ActiveCfg = Release|Any CPU
		{091367E6-43AD-4274-B534-85B2970B750E}.Release|Any CPU.Build.0 = Release|Any CPU
		{8CB555EA-7E70-48DD-801B-20AE572FE748}.Debug|Any CPU.ActiveCfg = Debug|Any CPU
		{8CB555EA-7E70-48DD-801B-20AE572FE748}.Debug|Any CPU.Build.0 = Debug|Any CPU
		{8CB555EA-7E70-48DD-801B-20AE572FE748}.Release|Any CPU.ActiveCfg = Release|Any CPU
		{8CB555EA-7E70-48DD-801B-20AE572FE748}.Release|Any CPU.Build.0 = Release|Any CPU
		{EBF2C142-042C-45A2-9358-1CFC3CB12668}.Debug|Any CPU.ActiveCfg = Debug|Any CPU
		{EBF2C142-042C-45A2-9358-1CFC3CB12668}.Debug|Any CPU.Build.0 = Debug|Any CPU
		{EBF2C142-042C-45A2-9358-1CFC3CB12668}.Release|Any CPU.ActiveCfg = Release|Any CPU
		{EBF2C142-042C-45A2-9358-1CFC3CB12668}.Release|Any CPU.Build.0 = Release|Any CPU
		{ED0E279C-93CD-4414-9C1B-60926F75BE76}.Debug|Any CPU.ActiveCfg = Debug|Any CPU
		{ED0E279C-93CD-4414-9C1B-60926F75BE76}.Debug|Any CPU.Build.0 = Debug|Any CPU
		{ED0E279C-93CD-4414-9C1B-60926F75BE76}.Release|Any CPU.ActiveCfg = Release|Any CPU
		{ED0E279C-93CD-4414-9C1B-60926F75BE76}.Release|Any CPU.Build.0 = Release|Any CPU
		{3D7F46EA-9425-4819-96B6-619B0B9C808C}.Debug|Any CPU.ActiveCfg = Debug|Any CPU
		{3D7F46EA-9425-4819-96B6-619B0B9C808C}.Debug|Any CPU.Build.0 = Debug|Any CPU
		{3D7F46EA-9425-4819-96B6-619B0B9C808C}.Release|Any CPU.ActiveCfg = Release|Any CPU
		{3D7F46EA-9425-4819-96B6-619B0B9C808C}.Release|Any CPU.Build.0 = Release|Any CPU
		{8F551CC8-5E8A-48F7-A52D-BF90C83DE148}.Debug|Any CPU.ActiveCfg = Debug|Any CPU
		{8F551CC8-5E8A-48F7-A52D-BF90C83DE148}.Debug|Any CPU.Build.0 = Debug|Any CPU
		{8F551CC8-5E8A-48F7-A52D-BF90C83DE148}.Release|Any CPU.ActiveCfg = Release|Any CPU
		{8F551CC8-5E8A-48F7-A52D-BF90C83DE148}.Release|Any CPU.Build.0 = Release|Any CPU
		{D29A9395-BDFB-4E6F-B893-5E8386F04B44}.Debug|Any CPU.ActiveCfg = Debug|Any CPU
		{D29A9395-BDFB-4E6F-B893-5E8386F04B44}.Debug|Any CPU.Build.0 = Debug|Any CPU
		{D29A9395-BDFB-4E6F-B893-5E8386F04B44}.Release|Any CPU.ActiveCfg = Release|Any CPU
		{D29A9395-BDFB-4E6F-B893-5E8386F04B44}.Release|Any CPU.Build.0 = Release|Any CPU
		{0E27C5B2-AC51-4244-83A0-69B47A1FB9DA}.Debug|Any CPU.ActiveCfg = Debug|Any CPU
		{0E27C5B2-AC51-4244-83A0-69B47A1FB9DA}.Debug|Any CPU.Build.0 = Debug|Any CPU
		{0E27C5B2-AC51-4244-83A0-69B47A1FB9DA}.Release|Any CPU.ActiveCfg = Release|Any CPU
		{0E27C5B2-AC51-4244-83A0-69B47A1FB9DA}.Release|Any CPU.Build.0 = Release|Any CPU
		{5A92CA37-FE74-467F-88C1-757AA6F5BAFB}.Debug|Any CPU.ActiveCfg = Debug|Any CPU
		{5A92CA37-FE74-467F-88C1-757AA6F5BAFB}.Debug|Any CPU.Build.0 = Debug|Any CPU
		{5A92CA37-FE74-467F-88C1-757AA6F5BAFB}.Release|Any CPU.ActiveCfg = Release|Any CPU
		{5A92CA37-FE74-467F-88C1-757AA6F5BAFB}.Release|Any CPU.Build.0 = Release|Any CPU
		{EF81EED8-D499-4166-B9BE-DE597463AEB1}.Debug|Any CPU.ActiveCfg = Debug|Any CPU
		{EF81EED8-D499-4166-B9BE-DE597463AEB1}.Debug|Any CPU.Build.0 = Debug|Any CPU
		{EF81EED8-D499-4166-B9BE-DE597463AEB1}.Release|Any CPU.ActiveCfg = Release|Any CPU
		{EF81EED8-D499-4166-B9BE-DE597463AEB1}.Release|Any CPU.Build.0 = Release|Any CPU
		{1341C0C5-C1D1-46F6-8CF6-001F5D47D126}.Debug|Any CPU.ActiveCfg = Debug|Any CPU
		{1341C0C5-C1D1-46F6-8CF6-001F5D47D126}.Debug|Any CPU.Build.0 = Debug|Any CPU
		{1341C0C5-C1D1-46F6-8CF6-001F5D47D126}.Release|Any CPU.ActiveCfg = Release|Any CPU
		{1341C0C5-C1D1-46F6-8CF6-001F5D47D126}.Release|Any CPU.Build.0 = Release|Any CPU
		{650B8221-FAD2-4DAC-A503-BD8F3E62F664}.Debug|Any CPU.ActiveCfg = Debug|Any CPU
		{650B8221-FAD2-4DAC-A503-BD8F3E62F664}.Debug|Any CPU.Build.0 = Debug|Any CPU
		{650B8221-FAD2-4DAC-A503-BD8F3E62F664}.Release|Any CPU.ActiveCfg = Release|Any CPU
		{650B8221-FAD2-4DAC-A503-BD8F3E62F664}.Release|Any CPU.Build.0 = Release|Any CPU
		{0E8B2C00-C2B6-4A98-B695-425ACDF09D02}.Debug|Any CPU.ActiveCfg = Debug|Any CPU
		{0E8B2C00-C2B6-4A98-B695-425ACDF09D02}.Debug|Any CPU.Build.0 = Debug|Any CPU
		{0E8B2C00-C2B6-4A98-B695-425ACDF09D02}.Release|Any CPU.ActiveCfg = Release|Any CPU
		{0E8B2C00-C2B6-4A98-B695-425ACDF09D02}.Release|Any CPU.Build.0 = Release|Any CPU
	EndGlobalSection
	GlobalSection(SolutionProperties) = preSolution
		HideSolutionNode = FALSE
	EndGlobalSection
	GlobalSection(NestedProjects) = preSolution
		{D72A23D9-AC32-4D35-86AE-5ACD3F716CC7} = {FCFAE99C-C28A-44B7-A7BE-F9D5481C35B9}
		{091367E6-43AD-4274-B534-85B2970B750E} = {FCFAE99C-C28A-44B7-A7BE-F9D5481C35B9}
		{8CB555EA-7E70-48DD-801B-20AE572FE748} = {FCFAE99C-C28A-44B7-A7BE-F9D5481C35B9}
		{5E108D10-E251-4C15-A6CC-BBB2F1EE3C8C} = {82223BC2-FD46-45B7-8714-A1BBB6FACC0E}
		{EDF62AD7-A96C-41A5-89E7-F70794758175} = {82223BC2-FD46-45B7-8714-A1BBB6FACC0E}
		{9F687B11-0BD1-45EF-9E1C-40D0B5CBC52F} = {82223BC2-FD46-45B7-8714-A1BBB6FACC0E}
		{9CEE8B27-3209-4F5A-BCEF-9E05D97C9AF0} = {82223BC2-FD46-45B7-8714-A1BBB6FACC0E}
		{EBF2C142-042C-45A2-9358-1CFC3CB12668} = {9CEE8B27-3209-4F5A-BCEF-9E05D97C9AF0}
		{ED0E279C-93CD-4414-9C1B-60926F75BE76} = {9F687B11-0BD1-45EF-9E1C-40D0B5CBC52F}
		{3D7F46EA-9425-4819-96B6-619B0B9C808C} = {9F687B11-0BD1-45EF-9E1C-40D0B5CBC52F}
		{8F551CC8-5E8A-48F7-A52D-BF90C83DE148} = {9F687B11-0BD1-45EF-9E1C-40D0B5CBC52F}
		{D29A9395-BDFB-4E6F-B893-5E8386F04B44} = {9F687B11-0BD1-45EF-9E1C-40D0B5CBC52F}
		{0E27C5B2-AC51-4244-83A0-69B47A1FB9DA} = {FCFAE99C-C28A-44B7-A7BE-F9D5481C35B9}
		{5A92CA37-FE74-467F-88C1-757AA6F5BAFB} = {82223BC2-FD46-45B7-8714-A1BBB6FACC0E}
		{EF81EED8-D499-4166-B9BE-DE597463AEB1} = {82223BC2-FD46-45B7-8714-A1BBB6FACC0E}
		{1341C0C5-C1D1-46F6-8CF6-001F5D47D126} = {5E108D10-E251-4C15-A6CC-BBB2F1EE3C8C}
		{650B8221-FAD2-4DAC-A503-BD8F3E62F664} = {5E108D10-E251-4C15-A6CC-BBB2F1EE3C8C}
		{0E8B2C00-C2B6-4A98-B695-425ACDF09D02} = {5E108D10-E251-4C15-A6CC-BBB2F1EE3C8C}
	EndGlobalSection
	GlobalSection(ExtensibilityGlobals) = postSolution
		SolutionGuid = {886DD3D7-35E3-42F0-8CE9-74FB5AD7BBD0}
	EndGlobalSection
EndGlobal
